
Microsoft Visual Studio Solution File, Format Version 12.00
# Visual Studio Version 17
VisualStudioVersion = 17.11.35303.130
MinimumVisualStudioVersion = 10.0.40219.1
Project("{FAE04EC0-301F-11D3-BF4B-00C04F79EFBC}") = "LogisticApp", "LogisticApp\LogisticApp.csproj", "{2FB1383A-ECFC-4D87-9C37-124DC284815F}"
EndProject
Global
	GlobalSection(SolutionConfigurationPlatforms) = preSolution
		Debug|Any CPU = Debug|Any CPU
		Release|Any CPU = Release|Any CPU
	EndGlobalSection
	GlobalSection(ProjectConfigurationPlatforms) = postSolution
		{2FB1383A-ECFC-4D87-9C37-124DC284815F}.Debug|Any CPU.ActiveCfg = Debug|Any CPU
		{2FB1383A-ECFC-4D87-9C37-124DC284815F}.Debug|Any CPU.Build.0 = Debug|Any CPU
		{2FB1383A-ECFC-4D87-9C37-124DC284815F}.Release|Any CPU.ActiveCfg = Release|Any CPU
		{2FB1383A-ECFC-4D87-9C37-124DC284815F}.Release|Any CPU.Build.0 = Release|Any CPU
	EndGlobalSection
	GlobalSection(SolutionProperties) = preSolution
		HideSolutionNode = FALSE
	EndGlobalSection
	GlobalSection(ExtensibilityGlobals) = postSolution
		SolutionGuid = {FB729FC6-9D77-41B6-BA19-1AF64E7D2E46}
	EndGlobalSection
EndGlobal
